
Microsoft Visual Studio Solution File, Format Version 12.00
# Visual Studio Version 17
VisualStudioVersion = 17.7.34202.233
MinimumVisualStudioVersion = 10.0.40219.1
Project("{9A19103F-16F7-4668-BE54-9A1E7A4F7556}") = "221340F_AS_Assignment_2", "221340F_AS_Assignment_2.csproj", "{DC70C875-F426-4B32-B39B-778DBFFF2C67}"
EndProject
Global
	GlobalSection(SolutionConfigurationPlatforms) = preSolution
		Debug|Any CPU = Debug|Any CPU
		Release|Any CPU = Release|Any CPU
	EndGlobalSection
	GlobalSection(ProjectConfigurationPlatforms) = postSolution
		{DC70C875-F426-4B32-B39B-778DBFFF2C67}.Debug|Any CPU.ActiveCfg = Debug|Any CPU
		{DC70C875-F426-4B32-B39B-778DBFFF2C67}.Debug|Any CPU.Build.0 = Debug|Any CPU
		{DC70C875-F426-4B32-B39B-778DBFFF2C67}.Release|Any CPU.ActiveCfg = Release|Any CPU
		{DC70C875-F426-4B32-B39B-778DBFFF2C67}.Release|Any CPU.Build.0 = Release|Any CPU
	EndGlobalSection
	GlobalSection(SolutionProperties) = preSolution
		HideSolutionNode = FALSE
	EndGlobalSection
	GlobalSection(ExtensibilityGlobals) = postSolution
		SolutionGuid = {521978D5-5A9C-4429-8880-8C59F3744181}
	EndGlobalSection
EndGlobal
